{
  "nodes": {
    "clj-nix": {
      "inputs": {
        "devshell": "devshell",
        "nix-fetcher-data": "nix-fetcher-data",
        "nixpkgs": [
          "finefile",
          "nixpkgs"
        ]
      },
      "locked": {
        "lastModified": 1756722835,
        "narHash": "sha256-LL/8t6Gbi/ULXCUFOMX2towQIkpMticXPnEaXn/X+qg=",
        "owner": "jlesquembre",
        "repo": "clj-nix",
        "rev": "135fb54d8e480e4c8b6707783db3649f78054ac3",
        "type": "github"
      },
      "original": {
        "owner": "jlesquembre",
        "repo": "clj-nix",
        "type": "github"
      }
    },
    "dev": {
      "inputs": {
        "flake-parts": "flake-parts",
        "nixpkgs": "nixpkgs",
        "process-compose-flake": "process-compose-flake",
        "services-flake": "services-flake",
        "systems": "systems",
        "wordpress-flake": "wordpress-flake"
      },
      "locked": {
        "path": "dev",
        "type": "path"
      },
      "original": {
        "path": "dev",
        "type": "path"
      },
      "parent": []
    },
    "devshell": {
      "inputs": {
        "nixpkgs": [
          "finefile",
          "clj-nix",
          "nixpkgs"
        ]
      },
      "locked": {
        "lastModified": 1741473158,
        "narHash": "sha256-kWNaq6wQUbUMlPgw8Y+9/9wP0F8SHkjy24/mN3UAppg=",
        "owner": "numtide",
        "repo": "devshell",
        "rev": "7c9e793ebe66bcba8292989a68c0419b737a22a0",
        "type": "github"
      },
      "original": {
        "owner": "numtide",
        "repo": "devshell",
        "type": "github"
      }
    },
    "finefile": {
      "inputs": {
        "clj-nix": "clj-nix",
        "flake-utils": "flake-utils_2",
        "hyperfine-flake": "hyperfine-flake",
        "nixpkgs": [
          "nixpkgs"
        ]
      },
      "locked": {
        "lastModified": 1763528439,
        "narHash": "sha256-o/2kooC7IIRuTDk5zUttSplg7gRReNqe+lAreBAmBdM=",
        "owner": "john-shaffer",
        "repo": "finefile",
        "rev": "7e033aa5bdb55b5813039fa92176264e76fcaffb",
        "type": "github"
      },
      "original": {
        "owner": "john-shaffer",
        "repo": "finefile",
        "type": "github"
      }
    },
    "flake-parts": {
      "inputs": {
        "nixpkgs-lib": "nixpkgs-lib"
      },
      "locked": {
        "lastModified": 1763759067,
        "narHash": "sha256-LlLt2Jo/gMNYAwOgdRQBrsRoOz7BPRkzvNaI/fzXi2Q=",
        "owner": "hercules-ci",
        "repo": "flake-parts",
        "rev": "2cccadc7357c0ba201788ae99c4dfa90728ef5e0",
        "type": "github"
      },
      "original": {
        "owner": "hercules-ci",
        "repo": "flake-parts",
        "type": "github"
      }
    },
    "flake-parts_2": {
      "inputs": {
        "nixpkgs-lib": "nixpkgs-lib_2"
      },
      "locked": {
        "lastModified": 1719745305,
        "narHash": "sha256-xwgjVUpqSviudEkpQnioeez1Uo2wzrsMaJKJClh+Bls=",
        "owner": "hercules-ci",
        "repo": "flake-parts",
        "rev": "c3c5ecc05edc7dafba779c6c1a61cd08ac6583e9",
        "type": "github"
      },
      "original": {
        "owner": "hercules-ci",
        "repo": "flake-parts",
        "type": "github"
      }
    },
    "flake-utils": {
      "inputs": {
        "systems": "systems_2"
      },
      "locked": {
        "lastModified": 1731533236,
        "narHash": "sha256-l0KFg5HjrsfsO/JpG+r7fRrqm12kzFHyUHqHCVpMMbI=",
        "owner": "numtide",
        "repo": "flake-utils",
        "rev": "11707dc2f618dd54ca8739b309ec4fc024de578b",
        "type": "github"
      },
      "original": {
        "owner": "numtide",
        "repo": "flake-utils",
        "type": "github"
      }
    },
    "flake-utils_2": {
      "inputs": {
        "systems": "systems_3"
      },
      "locked": {
        "lastModified": 1731533236,
        "narHash": "sha256-l0KFg5HjrsfsO/JpG+r7fRrqm12kzFHyUHqHCVpMMbI=",
        "owner": "numtide",
        "repo": "flake-utils",
        "rev": "11707dc2f618dd54ca8739b309ec4fc024de578b",
        "type": "github"
      },
      "original": {
        "owner": "numtide",
        "repo": "flake-utils",
        "type": "github"
      }
    },
    "flake-utils_3": {
      "inputs": {
        "systems": "systems_4"
      },
      "locked": {
        "lastModified": 1731533236,
        "narHash": "sha256-l0KFg5HjrsfsO/JpG+r7fRrqm12kzFHyUHqHCVpMMbI=",
        "owner": "numtide",
        "repo": "flake-utils",
        "rev": "11707dc2f618dd54ca8739b309ec4fc024de578b",
        "type": "github"
      },
      "original": {
        "owner": "numtide",
        "repo": "flake-utils",
        "type": "github"
      }
    },
    "hyperfine-flake": {
      "inputs": {
        "flake-utils": [
          "finefile",
          "flake-utils"
        ],
        "nixpkgs": "nixpkgs_2"
      },
      "locked": {
        "lastModified": 1763492975,
        "narHash": "sha256-IqGZsoxhxUlKU75mxfIB//WT0GRZXNc9aSVlR+17Ez0=",
        "owner": "john-shaffer",
        "repo": "hyperfine-flake",
        "rev": "edd684bb34cc40ad20c36e4bb78f9dac21bf15e1",
        "type": "github"
      },
      "original": {
        "owner": "john-shaffer",
        "repo": "hyperfine-flake",
        "type": "github"
      }
    },
    "nix-fetcher-data": {
      "inputs": {
        "flake-parts": "flake-parts_2",
        "nixpkgs": [
          "finefile",
          "clj-nix",
          "nixpkgs"
        ]
      },
      "locked": {
        "lastModified": 1728229178,
        "narHash": "sha256-p5Fx880uBYstIsbaDYN7sECJT11oHxZQKtHgMAVblWA=",
        "owner": "jlesquembre",
        "repo": "nix-fetcher-data",
        "rev": "f3a73c34d28db49ef90fd7872a142bfe93120e55",
        "type": "github"
      },
      "original": {
        "owner": "jlesquembre",
        "repo": "nix-fetcher-data",
        "type": "github"
      }
    },
    "nixpkgs": {
      "locked": {
        "lastModified": 1763948260,
        "narHash": "sha256-dY9qLD0H0zOUgU3vWacPY6Qc421BeQAfm8kBuBtPVE0=",
        "owner": "nixos",
        "repo": "nixpkgs",
        "rev": "1c8ba8d3f7634acac4a2094eef7c32ad9106532c",
        "type": "github"
      },
      "original": {
        "owner": "nixos",
        "ref": "nixos-25.05",
        "repo": "nixpkgs",
        "type": "github"
      }
    },
    "nixpkgs-lib": {
      "locked": {
        "lastModified": 1761765539,
        "narHash": "sha256-b0yj6kfvO8ApcSE+QmA6mUfu8IYG6/uU28OFn4PaC8M=",
        "owner": "nix-community",
        "repo": "nixpkgs.lib",
        "rev": "719359f4562934ae99f5443f20aa06c2ffff91fc",
        "type": "github"
      },
      "original": {
        "owner": "nix-community",
        "repo": "nixpkgs.lib",
        "type": "github"
      }
    },
    "nixpkgs-lib_2": {
      "locked": {
        "lastModified": 1717284937,
        "narHash": "sha256-lIbdfCsf8LMFloheeE6N31+BMIeixqyQWbSr2vk79EQ=",
        "type": "tarball",
        "url": "https://github.com/NixOS/nixpkgs/archive/eb9ceca17df2ea50a250b6b27f7bf6ab0186f198.tar.gz"
      },
      "original": {
        "type": "tarball",
        "url": "https://github.com/NixOS/nixpkgs/archive/eb9ceca17df2ea50a250b6b27f7bf6ab0186f198.tar.gz"
      }
    },
    "nixpkgs_2": {
      "locked": {
        "lastModified": 1763375004,
        "narHash": "sha256-e81Xfa7xhRZfqGB4s3xEvrg4p1v+fToM6CIQlXUyaX0=",
        "owner": "NixOS",
        "repo": "nixpkgs",
        "rev": "8b6600824693a9c706ef09bd86711ca393703466",
        "type": "github"
      },
      "original": {
        "owner": "NixOS",
        "ref": "nixpkgs-unstable",
        "repo": "nixpkgs",
        "type": "github"
      }
    },
    "nixpkgs_3": {
      "locked": {
        "lastModified": 1763948260,
        "narHash": "sha256-dY9qLD0H0zOUgU3vWacPY6Qc421BeQAfm8kBuBtPVE0=",
        "owner": "NixOS",
        "repo": "nixpkgs",
        "rev": "1c8ba8d3f7634acac4a2094eef7c32ad9106532c",
        "type": "github"
      },
      "original": {
        "owner": "NixOS",
        "ref": "nixos-25.05",
        "repo": "nixpkgs",
        "type": "github"
      }
    },
    "process-compose-flake": {
      "locked": {
        "lastModified": 1763591764,
        "narHash": "sha256-fWFTm4t/t44f0NAV2wsmMpqHOYKbAPxkwjtgxqcD1GE=",
        "owner": "Platonic-Systems",
        "repo": "process-compose-flake",
        "rev": "1a991178ac404862f002170b5f4228b49011f14e",
        "type": "github"
      },
      "original": {
        "owner": "Platonic-Systems",
        "repo": "process-compose-flake",
        "type": "github"
      }
    },
    "root": {
      "inputs": {
        "dev": "dev",
        "finefile": "finefile",
        "flake-utils": "flake-utils_3",
        "nixpkgs": "nixpkgs_3",
        "snapcache": "snapcache"
      }
    },
    "services-flake": {
      "locked": {
        "lastModified": 1763858867,
        "narHash": "sha256-hfPtIRWg1lYv45Wx3XS9bGYuUBaZDF978xwuNp68Oa8=",
        "owner": "juspay",
        "repo": "services-flake",
        "rev": "f8608fb57ec97e06171e87db58cf31509a44ecc6",
        "type": "github"
      },
      "original": {
        "owner": "juspay",
        "repo": "services-flake",
        "type": "github"
      }
    },
    "snapcache": {
      "inputs": {
        "flake-utils": [
          "flake-utils"
        ],
        "nixpkgs": [
          "nixpkgs"
        ]
      },
      "locked": {
        "lastModified": 1764132981,
        "narHash": "sha256-AKCfRbvolEN2C1bENM2N9Ku9387qYl4hkXIGXeer4Pg=",
        "owner": "staticweb-io",
        "repo": "snapcache",
        "rev": "5724878f66760f3d6a9eae3df118ed547dcf6f95",
        "type": "github"
      },
      "original": {
        "owner": "staticweb-io",
        "repo": "snapcache",
        "type": "github"
      }
    },
    "systems": {
      "locked": {
        "lastModified": 1681028828,
        "narHash": "sha256-Vy1rq5AaRuLzOxct8nz4T6wlgyUR7zLU309k9mBC768=",
        "owner": "nix-systems",
        "repo": "default",
        "rev": "da67096a3b9bf56a91d16901293e51ba5b49a27e",
        "type": "github"
      },
      "original": {
        "owner": "nix-systems",
        "repo": "default",
        "type": "github"
      }
    },
    "systems_2": {
      "locked": {
        "lastModified": 1681028828,
        "narHash": "sha256-Vy1rq5AaRuLzOxct8nz4T6wlgyUR7zLU309k9mBC768=",
        "owner": "nix-systems",
        "repo": "default",
        "rev": "da67096a3b9bf56a91d16901293e51ba5b49a27e",
        "type": "github"
      },
      "original": {
        "owner": "nix-systems",
        "repo": "default",
        "type": "github"
      }
    },
    "systems_3": {
      "locked": {
        "lastModified": 1681028828,
        "narHash": "sha256-Vy1rq5AaRuLzOxct8nz4T6wlgyUR7zLU309k9mBC768=",
        "owner": "nix-systems",
        "repo": "default",
        "rev": "da67096a3b9bf56a91d16901293e51ba5b49a27e",
        "type": "github"
      },
      "original": {
        "owner": "nix-systems",
        "repo": "default",
        "type": "github"
      }
    },
    "systems_4": {
      "locked": {
        "lastModified": 1681028828,
        "narHash": "sha256-Vy1rq5AaRuLzOxct8nz4T6wlgyUR7zLU309k9mBC768=",
        "owner": "nix-systems",
        "repo": "default",
        "rev": "da67096a3b9bf56a91d16901293e51ba5b49a27e",
        "type": "github"
      },
      "original": {
        "owner": "nix-systems",
        "repo": "default",
        "type": "github"
      }
    },
    "wordpress-flake": {
      "inputs": {
        "flake-utils": "flake-utils",
        "nixpkgs": [
          "dev",
          "nixpkgs"
        ]
      },
      "locked": {
        "lastModified": 1759504514,
        "narHash": "sha256-p77JaUBjeztO0gmq+7CZbs30/6kj4bpnINAW+IdRJ34=",
        "owner": "staticweb-io",
        "repo": "wordpress-flake",
        "rev": "37f1fe0e3576b27fbb1aab2beb78f8ad7e2479a1",
        "type": "github"
      },
      "original": {
        "owner": "staticweb-io",
        "repo": "wordpress-flake",
        "type": "github"
      }
    }
  },
  "root": "root",
  "version": 7
}
